# This file is automatically @generated by Poetry 2.1.4 and should not be changed by hand.

[[package]]
name = "peewee"
version = "4.0.1"
description = "a little orm"
optional = false
python-versions = "*"
groups = ["main"]
files = [
    {file = "peewee-4.0.1-py3-none-any.whl", hash = "sha256:10afaa02c9f6d0f2dfe0f5b9007075c985eb141ab740a8831e37be2a61b3595c"},
    {file = "peewee-4.0.1.tar.gz", hash = "sha256:beb1a173a52952a4d69197ca36408166740b2ced339c0e8159617c3fa1e1c4da"},
]

[package.extras]
aiomysql = ["aiomysql", "greenlet"]
aiosqlite = ["aiosqlite", "greenlet"]
asyncpg = ["asyncpg", "greenlet"]
cysqlite = ["cysqlite"]
mysql = ["pymysql"]
postgres = ["psycopg2-binary"]
psycopg3 = ["psycopg[binary]"]

[metadata]
lock-version = "2.1"
python-versions = ">=3.12"
content-hash = "3bd62babd7a4d3804f91c6e7c70de765d4ddb403fd59e7cacbbc16e5b87a0b6d"
